
Microsoft Visual Studio Solution File, Format Version 12.00
# Visual Studio Version 16
VisualStudioVersion = 16.0.31005.135
MinimumVisualStudioVersion = 10.0.40219.1
Project("{FAE04EC0-301F-11D3-BF4B-00C04F79EFBC}") = "MoviesDB2", "MoviesDB2\MoviesDB2.csproj", "{8FDB513E-7929-494C-ABF6-7E8EF1C24C15}"
EndProject
Global
	GlobalSection(SolutionConfigurationPlatforms) = preSolution
		Debug|Any CPU = Debug|Any CPU
		Release|Any CPU = Release|Any CPU
	EndGlobalSection
	GlobalSection(ProjectConfigurationPlatforms) = postSolution
		{8FDB513E-7929-494C-ABF6-7E8EF1C24C15}.Debug|Any CPU.ActiveCfg = Debug|Any CPU
		{8FDB513E-7929-494C-ABF6-7E8EF1C24C15}.Debug|Any CPU.Build.0 = Debug|Any CPU
		{8FDB513E-7929-494C-ABF6-7E8EF1C24C15}.Release|Any CPU.ActiveCfg = Release|Any CPU
		{8FDB513E-7929-494C-ABF6-7E8EF1C24C15}.Release|Any CPU.Build.0 = Release|Any CPU
	EndGlobalSection
	GlobalSection(SolutionProperties) = preSolution
		HideSolutionNode = FALSE
	EndGlobalSection
	GlobalSection(ExtensibilityGlobals) = postSolution
		SolutionGuid = {38114FE5-9F42-42E0-8971-5FB3778D83DA}
	EndGlobalSection
EndGlobal
